
Microsoft Visual Studio Solution File, Format Version 12.00
# Visual Studio Version 16
VisualStudioVersion = 16.0.30907.101
MinimumVisualStudioVersion = 10.0.40219.1
Project("{2150E333-8FDC-42A3-9474-1A3956D46DE8}") = "Facade", "Facade", "{67E697EE-1EEE-4FC5-92F9-8C7010449245}"
EndProject
Project("{2150E333-8FDC-42A3-9474-1A3956D46DE8}") = "Libraries", "Libraries", "{4A6A618A-479E-414E-BAC6-8AC4F643A563}"
EndProject
Project("{2150E333-8FDC-42A3-9474-1A3956D46DE8}") = "Tests", "Tests", "{400C88E2-0FB9-4D1A-A0B2-21DB36718743}"
EndProject
Project("{9A19103F-16F7-4668-BE54-9A1E7A4F7556}") = "NetLearningGuide", "NetLearningGuide\NetLearningGuide.csproj", "{5699B3AB-1D31-493D-BED8-656AB8BBCBC5}"
EndProject
Project("{9A19103F-16F7-4668-BE54-9A1E7A4F7556}") = "NetLearningGuide.Core", "NetLearningGuide.Core\NetLearningGuide.Core.csproj", "{7F184638-A672-4D18-B197-F48B225DFFF3}"
EndProject
Project("{9A19103F-16F7-4668-BE54-9A1E7A4F7556}") = "NetLearningGuide.Message", "NetLearningGuide.Message\NetLearningGuide.Message.csproj", "{2D1A8A86-93A5-445C-8EF4-04815302AA0F}"
EndProject
Project("{9A19103F-16F7-4668-BE54-9A1E7A4F7556}") = "NetLearningGuide.E2ETests", "NetLearningGuide.E2ETests\NetLearningGuide.E2ETests.csproj", "{28B7AC66-5AC6-4FA0-85D4-6896D19089A9}"
EndProject
Project("{9A19103F-16F7-4668-BE54-9A1E7A4F7556}") = "NetLearningGuide.IntegrationTests", "NetLearningGuide.IntegrationTests\NetLearningGuide.IntegrationTests.csproj", "{67297176-A2D6-48F1-B3E3-4104BC8CDF2C}"
EndProject
Project("{9A19103F-16F7-4668-BE54-9A1E7A4F7556}") = "NetLearningGuide.UnitTest", "NetLearningGuide.UnitTest\NetLearningGuide.UnitTest.csproj", "{A9526D9A-D97B-4739-BE99-2DC086103426}"
EndProject
Project("{FAE04EC0-301F-11D3-BF4B-00C04F79EFBC}") = "NetLearningGuide.Util", "NetLearningGuide.Util\NetLearningGuide.Util.csproj", "{F1B3CA28-733D-470E-8A99-28FF1D2D1555}"
EndProject
Global
	GlobalSection(SolutionConfigurationPlatforms) = preSolution
		Debug|Any CPU = Debug|Any CPU
		Release|Any CPU = Release|Any CPU
	EndGlobalSection
	GlobalSection(ProjectConfigurationPlatforms) = postSolution
		{5699B3AB-1D31-493D-BED8-656AB8BBCBC5}.Debug|Any CPU.ActiveCfg = Debug|Any CPU
		{5699B3AB-1D31-493D-BED8-656AB8BBCBC5}.Debug|Any CPU.Build.0 = Debug|Any CPU
		{5699B3AB-1D31-493D-BED8-656AB8BBCBC5}.Release|Any CPU.ActiveCfg = Release|Any CPU
		{5699B3AB-1D31-493D-BED8-656AB8BBCBC5}.Release|Any CPU.Build.0 = Release|Any CPU
		{7F184638-A672-4D18-B197-F48B225DFFF3}.Debug|Any CPU.ActiveCfg = Debug|Any CPU
		{7F184638-A672-4D18-B197-F48B225DFFF3}.Debug|Any CPU.Build.0 = Debug|Any CPU
		{7F184638-A672-4D18-B197-F48B225DFFF3}.Release|Any CPU.ActiveCfg = Release|Any CPU
		{7F184638-A672-4D18-B197-F48B225DFFF3}.Release|Any CPU.Build.0 = Release|Any CPU
		{2D1A8A86-93A5-445C-8EF4-04815302AA0F}.Debug|Any CPU.ActiveCfg = Debug|Any CPU
		{2D1A8A86-93A5-445C-8EF4-04815302AA0F}.Debug|Any CPU.Build.0 = Debug|Any CPU
		{2D1A8A86-93A5-445C-8EF4-04815302AA0F}.Release|Any CPU.ActiveCfg = Release|Any CPU
		{2D1A8A86-93A5-445C-8EF4-04815302AA0F}.Release|Any CPU.Build.0 = Release|Any CPU
		{28B7AC66-5AC6-4FA0-85D4-6896D19089A9}.Debug|Any CPU.ActiveCfg = Debug|Any CPU
		{28B7AC66-5AC6-4FA0-85D4-6896D19089A9}.Debug|Any CPU.Build.0 = Debug|Any CPU
		{28B7AC66-5AC6-4FA0-85D4-6896D19089A9}.Release|Any CPU.ActiveCfg = Release|Any CPU
		{28B7AC66-5AC6-4FA0-85D4-6896D19089A9}.Release|Any CPU.Build.0 = Release|Any CPU
		{67297176-A2D6-48F1-B3E3-4104BC8CDF2C}.Debug|Any CPU.ActiveCfg = Debug|Any CPU
		{67297176-A2D6-48F1-B3E3-4104BC8CDF2C}.Debug|Any CPU.Build.0 = Debug|Any CPU
		{67297176-A2D6-48F1-B3E3-4104BC8CDF2C}.Release|Any CPU.ActiveCfg = Release|Any CPU
		{67297176-A2D6-48F1-B3E3-4104BC8CDF2C}.Release|Any CPU.Build.0 = Release|Any CPU
		{A9526D9A-D97B-4739-BE99-2DC086103426}.Debug|Any CPU.ActiveCfg = Debug|Any CPU
		{A9526D9A-D97B-4739-BE99-2DC086103426}.Debug|Any CPU.Build.0 = Debug|Any CPU
		{A9526D9A-D97B-4739-BE99-2DC086103426}.Release|Any CPU.ActiveCfg = Release|Any CPU
		{A9526D9A-D97B-4739-BE99-2DC086103426}.Release|Any CPU.Build.0 = Release|Any CPU
		{F1B3CA28-733D-470E-8A99-28FF1D2D1555}.Debug|Any CPU.ActiveCfg = Debug|Any CPU
		{F1B3CA28-733D-470E-8A99-28FF1D2D1555}.Debug|Any CPU.Build.0 = Debug|Any CPU
		{F1B3CA28-733D-470E-8A99-28FF1D2D1555}.Release|Any CPU.ActiveCfg = Release|Any CPU
		{F1B3CA28-733D-470E-8A99-28FF1D2D1555}.Release|Any CPU.Build.0 = Release|Any CPU
	EndGlobalSection
	GlobalSection(SolutionProperties) = preSolution
		HideSolutionNode = FALSE
	EndGlobalSection
	GlobalSection(NestedProjects) = preSolution
		{5699B3AB-1D31-493D-BED8-656AB8BBCBC5} = {67E697EE-1EEE-4FC5-92F9-8C7010449245}
		{7F184638-A672-4D18-B197-F48B225DFFF3} = {4A6A618A-479E-414E-BAC6-8AC4F643A563}
		{2D1A8A86-93A5-445C-8EF4-04815302AA0F} = {4A6A618A-479E-414E-BAC6-8AC4F643A563}
		{28B7AC66-5AC6-4FA0-85D4-6896D19089A9} = {400C88E2-0FB9-4D1A-A0B2-21DB36718743}
		{67297176-A2D6-48F1-B3E3-4104BC8CDF2C} = {400C88E2-0FB9-4D1A-A0B2-21DB36718743}
		{A9526D9A-D97B-4739-BE99-2DC086103426} = {400C88E2-0FB9-4D1A-A0B2-21DB36718743}
		{F1B3CA28-733D-470E-8A99-28FF1D2D1555} = {4A6A618A-479E-414E-BAC6-8AC4F643A563}
	EndGlobalSection
	GlobalSection(ExtensibilityGlobals) = postSolution
		SolutionGuid = {042F203B-57B4-4FFC-B39F-00BF6CE041B4}
	EndGlobalSection
EndGlobal
